Microsoft Visual Studio Solution File, Format Version 11.00
# Visual Studio 2008

Project("{043F9BFF-893A-E8C5-7246-49A78ADDAB9B}") = "2D_Joints_Starter", "Assembly-CSharp.csproj", "{3F7B93B4-6A6A-4A28-E998-E8C01DD23167}"
EndProject
Global
	GlobalSection(SolutionConfigurationPlatforms) = preSolution
		Debug|Any CPU = Debug|Any CPU
		Release|Any CPU = Release|Any CPU
	EndGlobalSection
	GlobalSection(ProjectConfigurationPlatforms) = postSolution
		{3F7B93B4-6A6A-4A28-E998-E8C01DD23167}.Debug|Any CPU.ActiveCfg = Debug|Any CPU
		{3F7B93B4-6A6A-4A28-E998-E8C01DD23167}.Debug|Any CPU.Build.0 = Debug|Any CPU
		{3F7B93B4-6A6A-4A28-E998-E8C01DD23167}.Release|Any CPU.ActiveCfg = Release|Any CPU
		{3F7B93B4-6A6A-4A28-E998-E8C01DD23167}.Release|Any CPU.Build.0 = Release|Any CPU
	EndGlobalSection
	GlobalSection(SolutionProperties) = preSolution
		HideSolutionNode = FALSE
	EndGlobalSection
	GlobalSection(MonoDevelopProperties) = preSolution
		StartupItem = Assembly-CSharp.csproj
	EndGlobalSection
EndGlobal
